PODS:
  - MidtransCoreKit (1.18.3)
  - MidtransKit (1.18.3):
    - MidtransCoreKit (= 1.18.3)
    - MidtransKit/UI (= 1.18.3)
  - MidtransKit/UI (1.18.3):
    - MidtransCoreKit (= 1.18.3)

DEPENDENCIES:
  - MidtransKit

SPEC REPOS:
  trunk:
    - MidtransCoreKit
    - MidtransKit

SPEC CHECKSUMS:
  MidtransCoreKit: 6f7b0fcc8d6e013f7086b9611d7bf9e51404576a
  MidtransKit: 0a28ecba7c05725c3b80e4ff9c6ed4a529062ca3

PODFILE CHECKSUM: f0c8e395b72fc58023001d4dfb8be8302c016c2a

COCOAPODS: 1.9.3
